
Microsoft Visual Studio Solution File, Format Version 12.00
# Visual Studio Version 16
VisualStudioVersion = 16.0.31729.503
MinimumVisualStudioVersion = 10.0.40219.1
Project("{9A19103F-16F7-4668-BE54-9A1E7A4F7556}") = "HospitalAPI", "HospitalAPI\HospitalAPI.csproj", "{E403E77D-C7E0-4F41-8922-07E43CE6C2D3}"
EndProject
Project("{9A19103F-16F7-4668-BE54-9A1E7A4F7556}") = "IntegrationAPI", "IntegrationAPI\IntegrationAPI.csproj", "{A2EC9A30-708C-490A-8661-AC0F42DD7CC1}"
EndProject
Project("{9A19103F-16F7-4668-BE54-9A1E7A4F7556}") = "IntegrationLibrary", "IntegrationLibrary\IntegrationLibrary.csproj", "{0E0E4824-39EE-41E3-A541-D679DAD817D7}"
EndProject
Project("{9A19103F-16F7-4668-BE54-9A1E7A4F7556}") = "HospitalLibrary", "HospitalLibrary\HospitalLibrary.csproj", "{9B257411-35AF-44CA-8AEC-3F853F47633C}"
EndProject
Project("{9A19103F-16F7-4668-BE54-9A1E7A4F7556}") = "PharmacyAPI", "PharmacyAPI\PharmacyAPI.csproj", "{0DEC1289-4EB9-4E21-81FA-33BB49B6DCA1}"
EndProject
Project("{9A19103F-16F7-4668-BE54-9A1E7A4F7556}") = "PharmacyLibrary", "PharmacyLibrary\PharmacyLibrary.csproj", "{6CCA2F53-05DD-43DD-948A-AEA97E714475}"
EndProject
Project("{9A19103F-16F7-4668-BE54-9A1E7A4F7556}") = "IntegrationAPIUnitTests", "IntegrationAPIUnitTests\IntegrationAPIUnitTests.csproj", "{F9CED1EC-F9DE-4C3B-AAC0-DA8F522A0041}"
EndProject
Project("{9A19103F-16F7-4668-BE54-9A1E7A4F7556}") = "IntegrationAPIIntegrationTests", "IntegrationAPIIntegrationTests\IntegrationAPIIntegrationTests.csproj", "{B2AE0A5D-4834-4D1F-A96C-E6E743638DB1}"
EndProject
Project("{9A19103F-16F7-4668-BE54-9A1E7A4F7556}") = "HospitalUnitTests", "HospitalUnitTests\HospitalUnitTests.csproj", "{096E6F8A-C872-4275-B97F-EDA0E5B27576}"
EndProject
Project("{9A19103F-16F7-4668-BE54-9A1E7A4F7556}") = "HospitalIntegrationTests", "HospitalIntegrationTests\HospitalIntegrationTests.csproj", "{F6749AE4-E3AC-4E5F-9C9B-7D6AABD05122}"
EndProject
Project("{9A19103F-16F7-4668-BE54-9A1E7A4F7556}") = "PharmacyAPIUnitTests", "PharmacyAPIUnitTests\PharmacyAPIUnitTests.csproj", "{92928ABB-E7B7-495A-AAA6-BB7AC188D091}"
EndProject
Project("{9A19103F-16F7-4668-BE54-9A1E7A4F7556}") = "PharmacyAPIIntegrationTests", "PharmacyAPIIntegrationTests\PharmacyAPIIntegrationTests.csproj", "{42CF393B-BCC4-4CA5-82EC-B5123EEE150A}"
EndProject
Global
	GlobalSection(SolutionConfigurationPlatforms) = preSolution
		Debug|Any CPU = Debug|Any CPU
		Release|Any CPU = Release|Any CPU
	EndGlobalSection
	GlobalSection(ProjectConfigurationPlatforms) = postSolution
		{E403E77D-C7E0-4F41-8922-07E43CE6C2D3}.Debug|Any CPU.ActiveCfg = Debug|Any CPU
		{E403E77D-C7E0-4F41-8922-07E43CE6C2D3}.Debug|Any CPU.Build.0 = Debug|Any CPU
		{E403E77D-C7E0-4F41-8922-07E43CE6C2D3}.Release|Any CPU.ActiveCfg = Release|Any CPU
		{E403E77D-C7E0-4F41-8922-07E43CE6C2D3}.Release|Any CPU.Build.0 = Release|Any CPU
		{A2EC9A30-708C-490A-8661-AC0F42DD7CC1}.Debug|Any CPU.ActiveCfg = Debug|Any CPU
		{A2EC9A30-708C-490A-8661-AC0F42DD7CC1}.Debug|Any CPU.Build.0 = Debug|Any CPU
		{A2EC9A30-708C-490A-8661-AC0F42DD7CC1}.Release|Any CPU.ActiveCfg = Release|Any CPU
		{A2EC9A30-708C-490A-8661-AC0F42DD7CC1}.Release|Any CPU.Build.0 = Release|Any CPU
		{0E0E4824-39EE-41E3-A541-D679DAD817D7}.Debug|Any CPU.ActiveCfg = Debug|Any CPU
		{0E0E4824-39EE-41E3-A541-D679DAD817D7}.Debug|Any CPU.Build.0 = Debug|Any CPU
		{0E0E4824-39EE-41E3-A541-D679DAD817D7}.Release|Any CPU.ActiveCfg = Release|Any CPU
		{0E0E4824-39EE-41E3-A541-D679DAD817D7}.Release|Any CPU.Build.0 = Release|Any CPU
		{9B257411-35AF-44CA-8AEC-3F853F47633C}.Debug|Any CPU.ActiveCfg = Debug|Any CPU
		{9B257411-35AF-44CA-8AEC-3F853F47633C}.Debug|Any CPU.Build.0 = Debug|Any CPU
		{9B257411-35AF-44CA-8AEC-3F853F47633C}.Release|Any CPU.ActiveCfg = Release|Any CPU
		{9B257411-35AF-44CA-8AEC-3F853F47633C}.Release|Any CPU.Build.0 = Release|Any CPU
		{0DEC1289-4EB9-4E21-81FA-33BB49B6DCA1}.Debug|Any CPU.ActiveCfg = Debug|Any CPU
		{0DEC1289-4EB9-4E21-81FA-33BB49B6DCA1}.Debug|Any CPU.Build.0 = Debug|Any CPU
		{0DEC1289-4EB9-4E21-81FA-33BB49B6DCA1}.Release|Any CPU.ActiveCfg = Release|Any CPU
		{0DEC1289-4EB9-4E21-81FA-33BB49B6DCA1}.Release|Any CPU.Build.0 = Release|Any CPU
		{6CCA2F53-05DD-43DD-948A-AEA97E714475}.Debug|Any CPU.ActiveCfg = Debug|Any CPU
		{6CCA2F53-05DD-43DD-948A-AEA97E714475}.Debug|Any CPU.Build.0 = Debug|Any CPU
		{6CCA2F53-05DD-43DD-948A-AEA97E714475}.Release|Any CPU.ActiveCfg = Release|Any CPU
		{6CCA2F53-05DD-43DD-948A-AEA97E714475}.Release|Any CPU.Build.0 = Release|Any CPU
		{F9CED1EC-F9DE-4C3B-AAC0-DA8F522A0041}.Debug|Any CPU.ActiveCfg = Debug|Any CPU
		{F9CED1EC-F9DE-4C3B-AAC0-DA8F522A0041}.Debug|Any CPU.Build.0 = Debug|Any CPU
		{F9CED1EC-F9DE-4C3B-AAC0-DA8F522A0041}.Release|Any CPU.ActiveCfg = Release|Any CPU
		{F9CED1EC-F9DE-4C3B-AAC0-DA8F522A0041}.Release|Any CPU.Build.0 = Release|Any CPU
		{B2AE0A5D-4834-4D1F-A96C-E6E743638DB1}.Debug|Any CPU.ActiveCfg = Debug|Any CPU
		{B2AE0A5D-4834-4D1F-A96C-E6E743638DB1}.Debug|Any CPU.Build.0 = Debug|Any CPU
		{B2AE0A5D-4834-4D1F-A96C-E6E743638DB1}.Release|Any CPU.ActiveCfg = Release|Any CPU
		{B2AE0A5D-4834-4D1F-A96C-E6E743638DB1}.Release|Any CPU.Build.0 = Release|Any CPU
		{096E6F8A-C872-4275-B97F-EDA0E5B27576}.Debug|Any CPU.ActiveCfg = Debug|Any CPU
		{096E6F8A-C872-4275-B97F-EDA0E5B27576}.Debug|Any CPU.Build.0 = Debug|Any CPU
		{096E6F8A-C872-4275-B97F-EDA0E5B27576}.Release|Any CPU.ActiveCfg = Release|Any CPU
		{096E6F8A-C872-4275-B97F-EDA0E5B27576}.Release|Any CPU.Build.0 = Release|Any CPU
		{F6749AE4-E3AC-4E5F-9C9B-7D6AABD05122}.Debug|Any CPU.ActiveCfg = Debug|Any CPU
		{F6749AE4-E3AC-4E5F-9C9B-7D6AABD05122}.Debug|Any CPU.Build.0 = Debug|Any CPU
		{F6749AE4-E3AC-4E5F-9C9B-7D6AABD05122}.Release|Any CPU.ActiveCfg = Release|Any CPU
		{F6749AE4-E3AC-4E5F-9C9B-7D6AABD05122}.Release|Any CPU.Build.0 = Release|Any CPU
		{92928ABB-E7B7-495A-AAA6-BB7AC188D091}.Debug|Any CPU.ActiveCfg = Debug|Any CPU
		{92928ABB-E7B7-495A-AAA6-BB7AC188D091}.Debug|Any CPU.Build.0 = Debug|Any CPU
		{92928ABB-E7B7-495A-AAA6-BB7AC188D091}.Release|Any CPU.ActiveCfg = Release|Any CPU
		{92928ABB-E7B7-495A-AAA6-BB7AC188D091}.Release|Any CPU.Build.0 = Release|Any CPU
		{42CF393B-BCC4-4CA5-82EC-B5123EEE150A}.Debug|Any CPU.ActiveCfg = Debug|Any CPU
		{42CF393B-BCC4-4CA5-82EC-B5123EEE150A}.Debug|Any CPU.Build.0 = Debug|Any CPU
		{42CF393B-BCC4-4CA5-82EC-B5123EEE150A}.Release|Any CPU.ActiveCfg = Release|Any CPU
		{42CF393B-BCC4-4CA5-82EC-B5123EEE150A}.Release|Any CPU.Build.0 = Release|Any CPU
	EndGlobalSection
	GlobalSection(SolutionProperties) = preSolution
		HideSolutionNode = FALSE
	EndGlobalSection
	GlobalSection(ExtensibilityGlobals) = postSolution
		SolutionGuid = {A1023455-710C-433B-B689-0003559691FC}
	EndGlobalSection
EndGlobal
